
Microsoft Visual Studio Solution File, Format Version 12.00
# Visual Studio Version 17
VisualStudioVersion = 17.0.31903.59
MinimumVisualStudioVersion = 10.0.40219.1
Project("{2150E333-8FDC-42A3-9474-1A3956D46DE8}") = "src", "src", "{827E0CD3-B72D-47B6-A68D-7590B98EB39B}"
EndProject
Project("{FAE04EC0-301F-11D3-BF4B-00C04F79EFBC}") = "Pooshit.AudioSynth", "src\Pooshit.AudioSynth\Pooshit.AudioSynth.csproj", "{4957209A-EF1B-40F2-BB58-9930BF678F97}"
EndProject
Project("{2150E333-8FDC-42A3-9474-1A3956D46DE8}") = "test", "test", "{0C88DD14-F956-CE84-757C-A364CCF449FC}"
EndProject
Project("{FAE04EC0-301F-11D3-BF4B-00C04F79EFBC}") = "Pooshit.AudioSynth.Tests", "test\Pooshit.AudioSynth.Tests\Pooshit.AudioSynth.Tests.csproj", "{C1059C59-6D06-4C31-B84D-6422BED0234E}"
EndProject
Global
	GlobalSection(SolutionConfigurationPlatforms) = preSolution
		Debug|Any CPU = Debug|Any CPU
		Debug|x64 = Debug|x64
		Debug|x86 = Debug|x86
		Release|Any CPU = Release|Any CPU
		Release|x64 = Release|x64
		Release|x86 = Release|x86
	EndGlobalSection
	GlobalSection(ProjectConfigurationPlatforms) = postSolution
		{4957209A-EF1B-40F2-BB58-9930BF678F97}.Debug|Any CPU.ActiveCfg = Debug|Any CPU
		{4957209A-EF1B-40F2-BB58-9930BF678F97}.Debug|Any CPU.Build.0 = Debug|Any CPU
		{4957209A-EF1B-40F2-BB58-9930BF678F97}.Debug|x64.ActiveCfg = Debug|Any CPU
		{4957209A-EF1B-40F2-BB58-9930BF678F97}.Debug|x64.Build.0 = Debug|Any CPU
		{4957209A-EF1B-40F2-BB58-9930BF678F97}.Debug|x86.ActiveCfg = Debug|Any CPU
		{4957209A-EF1B-40F2-BB58-9930BF678F97}.Debug|x86.Build.0 = Debug|Any CPU
		{4957209A-EF1B-40F2-BB58-9930BF678F97}.Release|Any CPU.ActiveCfg = Release|Any CPU
		{4957209A-EF1B-40F2-BB58-9930BF678F97}.Release|Any CPU.Build.0 = Release|Any CPU
		{4957209A-EF1B-40F2-BB58-9930BF678F97}.Release|x64.ActiveCfg = Release|Any CPU
		{4957209A-EF1B-40F2-BB58-9930BF678F97}.Release|x64.Build.0 = Release|Any CPU
		{4957209A-EF1B-40F2-BB58-9930BF678F97}.Release|x86.ActiveCfg = Release|Any CPU
		{4957209A-EF1B-40F2-BB58-9930BF678F97}.Release|x86.Build.0 = Release|Any CPU
		{C1059C59-6D06-4C31-B84D-6422BED0234E}.Debug|Any CPU.ActiveCfg = Debug|Any CPU
		{C1059C59-6D06-4C31-B84D-6422BED0234E}.Debug|Any CPU.Build.0 = Debug|Any CPU
		{C1059C59-6D06-4C31-B84D-6422BED0234E}.Debug|x64.ActiveCfg = Debug|Any CPU
		{C1059C59-6D06-4C31-B84D-6422BED0234E}.Debug|x64.Build.0 = Debug|Any CPU
		{C1059C59-6D06-4C31-B84D-6422BED0234E}.Debug|x86.ActiveCfg = Debug|Any CPU
		{C1059C59-6D06-4C31-B84D-6422BED0234E}.Debug|x86.Build.0 = Debug|Any CPU
		{C1059C59-6D06-4C31-B84D-6422BED0234E}.Release|Any CPU.ActiveCfg = Release|Any CPU
		{C1059C59-6D06-4C31-B84D-6422BED0234E}.Release|Any CPU.Build.0 = Release|Any CPU
		{C1059C59-6D06-4C31-B84D-6422BED0234E}.Release|x64.ActiveCfg = Release|Any CPU
		{C1059C59-6D06-4C31-B84D-6422BED0234E}.Release|x64.Build.0 = Release|Any CPU
		{C1059C59-6D06-4C31-B84D-6422BED0234E}.Release|x86.ActiveCfg = Release|Any CPU
		{C1059C59-6D06-4C31-B84D-6422BED0234E}.Release|x86.Build.0 = Release|Any CPU
	EndGlobalSection
	GlobalSection(SolutionProperties) = preSolution
		HideSolutionNode = FALSE
	EndGlobalSection
	GlobalSection(NestedProjects) = preSolution
		{4957209A-EF1B-40F2-BB58-9930BF678F97} = {827E0CD3-B72D-47B6-A68D-7590B98EB39B}
		{C1059C59-6D06-4C31-B84D-6422BED0234E} = {0C88DD14-F956-CE84-757C-A364CCF449FC}
	EndGlobalSection
EndGlobal
